Microsoft Visual Studio Solution File, Format Version 12.00
# Visual Studio Version 16
VisualStudioVersion = 16.0.29709.97
MinimumVisualStudioVersion = 10.0.40219.1
Project("{FAE04EC0-301F-11D3-BF4B-00C04F79EFBC}") = "AI.Enterprise.Integration.RestApi", "src\AI.Enterprise.Integration.RestApi\AI.Enterprise.Integration.RestApi.csproj", "{35250ABD-63DF-47EE-BE50-81C382522F4A}"
EndProject
Project("{FAE04EC0-301F-11D3-BF4B-00C04F79EFBC}") = "AI.Enterprise.Integration.RestApi.Test", "src\AI.Enterprise.Integration.RestApi.Test\AI.Enterprise.Integration.RestApi.Test.csproj", "{19F1DEBC-DE5E-4517-8062-F000CD499087}"
EndProject
Global
	GlobalSection(SolutionConfigurationPlatforms) = preSolution
		Debug|Any CPU = Debug|Any CPU
		Release|Any CPU = Release|Any CPU
	EndGlobalSection
	GlobalSection(ProjectConfigurationPlatforms) = postSolution
		{35250ABD-63DF-47EE-BE50-81C382522F4A}.Debug|Any CPU.ActiveCfg = Debug|Any CPU
		{35250ABD-63DF-47EE-BE50-81C382522F4A}.Debug|Any CPU.Build.0 = Debug|Any CPU
		{35250ABD-63DF-47EE-BE50-81C382522F4A}.Release|Any CPU.ActiveCfg = Release|Any CPU
		{35250ABD-63DF-47EE-BE50-81C382522F4A}.Release|Any CPU.Build.0 = Release|Any CPU
		{19F1DEBC-DE5E-4517-8062-F000CD499087}.Debug|Any CPU.ActiveCfg = Debug|Any CPU
		{19F1DEBC-DE5E-4517-8062-F000CD499087}.Debug|Any CPU.Build.0 = Debug|Any CPU
		{19F1DEBC-DE5E-4517-8062-F000CD499087}.Release|Any CPU.ActiveCfg = Release|Any CPU
		{19F1DEBC-DE5E-4517-8062-F000CD499087}.Release|Any CPU.Build.0 = Release|Any CPU
	EndGlobalSection
	GlobalSection(SolutionProperties) = preSolution
		HideSolutionNode = FALSE
	EndGlobalSection
	GlobalSection(ExtensibilityGlobals) = postSolution
		SolutionGuid = {CC3B89C9-B6D4-46CD-A533-BDA89C058CE8}
	EndGlobalSection
EndGlobal
